<?xml version="1.0" encoding="utf-8"?>
<Project ToolsVersion="4.0" xmlns="http://schemas.microsoft.com/developer/msbuild/2003">
  <ItemGroup>
    <Filter Include="Source Files">
      <UniqueIdentifier>{4FC737F1-C7A5-4376-A066-2A32D752A2FF}</UniqueIdentifier>
      <Extensions>cpp;c;cc;cxx;c++;cppm;ixx;def;odl;idl;hpj;bat;asm;asmx</Extensions>
    </Filter>
    <Filter Include="Header Files">
      <UniqueIdentifier>{93995380-89BD-4b04-88EB-625FBE52EBFB}</UniqueIdentifier>
      <Extensions>h;hh;hpp;hxx;h++;hm;inl;inc;ipp;xsd</Extensions>
    </Filter>
    <Filter Include="Resource Files">
      <UniqueIdentifier>{67DA6AB6-F800-4c08-8B7A-83BB121AAD01}</UniqueIdentifier>
      <Extensions>rc;ico;cur;bmp;dlg;rc2;rct;bin;rgs;gif;jpg;jpeg;jpe;resx;tiff;tif;png;wav;mfcribbon-ms</Extensions>
    </Filter>
    <Filter Include="DataStructure">
      <UniqueIdentifier>{f8e2eca3-93e9-4262-9faf-ced33aa5a604}</UniqueIdentifier>
    </Filter>
    <Filter Include="GUI">
      <UniqueIdentifier>{d157a3d1-fc78-4055-98e8-3a4beb5821ca}</UniqueIdentifier>
    </Filter>
    <Filter Include="Scene">
      <UniqueIdentifier>{38e9a1f6-470e-4a51-ad3a-5d24bec3a937}</UniqueIdentifier>
    </Filter>
    <Filter Include="RenderScene">
      <UniqueIdentifier>{da877099-57a6-43c4-8c83-ef78d003cb12}</UniqueIdentifier>
    </Filter>
    <Filter Include="Header Files\SceneHeaders">
      <UniqueIdentifier>{297c51c8-d5d3-454b-9581-df3d772fd024}</UniqueIdentifier>
    </Filter>
    <Filter Include="Header Files\RenderHeaders">
      <UniqueIdentifier>{cfe21eaf-dc7d-4f83-b958-de25d67abe22}</UniqueIdentifier>
    </Filter>
    <Filter Include="Header Files\DataStructureHeaders">
      <UniqueIdentifier>{8af9578c-3c5d-49a5-9e0d-3658c945c702}</UniqueIdentifier>
    </Filter>
  </ItemGroup>
  <ItemGroup>
    <ClCompile Include="VisualgoVHAK.cpp">
      <Filter>Source Files</Filter>
    </ClCompile>
    <ClCompile Include="DoublyLinkedList.cpp">
      <Filter>DataStructure</Filter>
    </ClCompile>
    <ClCompile Include="Button.cpp">
      <Filter>GUI</Filter>
    </ClCompile>
    <ClCompile Include="WelcomeScreen.cpp">
      <Filter>Scene</Filter>
    </ClCompile>
    <ClCompile Include="MenuScreen.cpp">
      <Filter>Scene</Filter>
    </ClCompile>
    <ClCompile Include="DoublyLinkedListScreen.cpp">
      <Filter>Scene</Filter>
    </ClCompile>
    <ClCompile Include="SinglyLinkedListScreen.cpp">
      <Filter>Scene</Filter>
    </ClCompile>
    <ClCompile Include="Arrow.cpp">
      <Filter>GUI</Filter>
    </ClCompile>
    <ClCompile Include="CircularlyLinkedListScreen.cpp">
      <Filter>Scene</Filter>
    </ClCompile>
    <ClCompile Include="TextBox.cpp">
      <Filter>GUI</Filter>
    </ClCompile>
    <ClCompile Include="StackScreen.cpp">
      <Filter>Scene</Filter>
    </ClCompile>
    <ClCompile Include="QueueScreen.cpp">
      <Filter>Scene</Filter>
    </ClCompile>
    <ClCompile Include="StaticArrayScreen.cpp">
      <Filter>Scene</Filter>
    </ClCompile>
    <ClCompile Include="RenderCLL.cpp">
      <Filter>RenderScene</Filter>
    </ClCompile>
    <ClCompile Include="RenderDLL.cpp">
      <Filter>RenderScene</Filter>
    </ClCompile>
    <ClCompile Include="RenderSLL.cpp">
      <Filter>RenderScene</Filter>
    </ClCompile>
    <ClCompile Include="RenderQueue.cpp">
      <Filter>RenderScene</Filter>
    </ClCompile>
    <ClCompile Include="RenderStack.cpp">
      <Filter>RenderScene</Filter>
    </ClCompile>
    <ClCompile Include="RenderStaticArray.cpp">
      <Filter>RenderScene</Filter>
    </ClCompile>
    <ClCompile Include="DynamicArrayScreen.cpp">
      <Filter>Scene</Filter>
    </ClCompile>
    <ClCompile Include="RenderDynamicArray.cpp">
      <Filter>RenderScene</Filter>
    </ClCompile>
    <ClCompile Include="PseudoCodeBlock.cpp">
      <Filter>GUI</Filter>
    </ClCompile>
    <ClCompile Include="SinglyLinkedList.cpp">
      <Filter>DataStructure</Filter>
    </ClCompile>
    <ClCompile Include="Node.cpp">
      <Filter>DataStructure</Filter>
    </ClCompile>
  </ItemGroup>
  <ItemGroup>
    <ClInclude Include="CircularlyLinkedListScreen.h">
      <Filter>Header Files\SceneHeaders</Filter>
    </ClInclude>
    <ClInclude Include="DoublyLinkedListScreen.h">
      <Filter>Header Files\SceneHeaders</Filter>
    </ClInclude>
    <ClInclude Include="MenuScreen.h">
      <Filter>Header Files\SceneHeaders</Filter>
    </ClInclude>
    <ClInclude Include="QueueScreen.h">
      <Filter>Header Files\SceneHeaders</Filter>
    </ClInclude>
    <ClInclude Include="SinglyLinkedListScreen.h">
      <Filter>Header Files\SceneHeaders</Filter>
    </ClInclude>
    <ClInclude Include="StackScreen.h">
      <Filter>Header Files\SceneHeaders</Filter>
    </ClInclude>
    <ClInclude Include="StaticArrayScreen.h">
      <Filter>Header Files\SceneHeaders</Filter>
    </ClInclude>
    <ClInclude Include="WelcomeScreen.h">
      <Filter>Header Files\SceneHeaders</Filter>
    </ClInclude>
    <ClInclude Include="RenderCLL.h">
      <Filter>Header Files\RenderHeaders</Filter>
    </ClInclude>
    <ClInclude Include="RenderDLL.h">
      <Filter>Header Files\RenderHeaders</Filter>
    </ClInclude>
    <ClInclude Include="RenderQueue.h">
      <Filter>Header Files\RenderHeaders</Filter>
    </ClInclude>
    <ClInclude Include="RenderSLL.h">
      <Filter>Header Files\RenderHeaders</Filter>
    </ClInclude>
    <ClInclude Include="RenderStack.h">
      <Filter>Header Files\RenderHeaders</Filter>
    </ClInclude>
    <ClInclude Include="RenderStaticArray.h">
      <Filter>Header Files\RenderHeaders</Filter>
    </ClInclude>
    <ClInclude Include="DynamicArrayScreen.h">
      <Filter>Header Files\SceneHeaders</Filter>
    </ClInclude>
    <ClInclude Include="Arrow.h">
      <Filter>GUI</Filter>
    </ClInclude>
    <ClInclude Include="Button.h">
      <Filter>GUI</Filter>
    </ClInclude>
    <ClInclude Include="TextBox.h">
      <Filter>GUI</Filter>
    </ClInclude>
    <ClInclude Include="RenderDynamicArray.h">
      <Filter>Header Files\RenderHeaders</Filter>
    </ClInclude>
    <ClInclude Include="PseudoCodeBlock.h">
      <Filter>GUI</Filter>
    </ClInclude>
    <ClInclude Include="DoublyLinkedList.h">
      <Filter>Header Files\DataStructureHeaders</Filter>
    </ClInclude>
    <ClInclude Include="SinglyLinkedList.h">
      <Filter>Header Files\DataStructureHeaders</Filter>
    </ClInclude>
    <ClInclude Include="Node.h">
      <Filter>Header Files\DataStructureHeaders</Filter>
    </ClInclude>
  </ItemGroup>
  <ItemGroup>
    <None Include="input.inp" />
  </ItemGroup>
</Project>